
Microsoft Visual Studio Solution File, Format Version 12.00
# Visual Studio Version 16
VisualStudioVersion = 16.0.36422.26
MinimumVisualStudioVersion = 10.0.40219.1
Project("{FAE04EC0-301F-11D3-BF4B-00C04F79EFBC}") = "Stroke.Tip", "Tip\Stroke.Tip.csproj", "{4DA269DC-3810-435B-83BA-5E9092D81D94}"
EndProject
Global
	GlobalSection(SolutionConfigurationPlatforms) = preSolution
		Debug|Any CPU = Debug|Any CPU
		Release|Any CPU = Release|Any CPU
	EndGlobalSection
	GlobalSection(ProjectConfigurationPlatforms) = postSolution
		{4DA269DC-3810-435B-83BA-5E9092D81D94}.Debug|Any CPU.ActiveCfg = Debug|Any CPU
		{4DA269DC-3810-435B-83BA-5E9092D81D94}.Debug|Any CPU.Build.0 = Debug|Any CPU
		{4DA269DC-3810-435B-83BA-5E9092D81D94}.Release|Any CPU.ActiveCfg = Release|Any CPU
		{4DA269DC-3810-435B-83BA-5E9092D81D94}.Release|Any CPU.Build.0 = Release|Any CPU
	EndGlobalSection
	GlobalSection(SolutionProperties) = preSolution
		HideSolutionNode = FALSE
	EndGlobalSection
	GlobalSection(ExtensibilityGlobals) = postSolution
		SolutionGuid = {6A882DFE-8147-44AA-A5E0-B1030D3326E1}
	EndGlobalSection
EndGlobal
